
Microsoft Visual Studio Solution File, Format Version 12.00
# Visual Studio 15
VisualStudioVersion = 15.0.27130.2010
MinimumVisualStudioVersion = 10.0.40219.1
Project("{FAE04EC0-301F-11D3-BF4B-00C04F79EFBC}") = "DroneRaceTimer.Android", "DroneRaceTimer\DroneRaceTimer.Android\DroneRaceTimer.Android.csproj", "{1DC94E2F-9C69-467F-B175-804FE460DA23}"
EndProject
Project("{FAE04EC0-301F-11D3-BF4B-00C04F79EFBC}") = "DroneRaceTimer.iOS", "DroneRaceTimer\DroneRaceTimer.iOS\DroneRaceTimer.iOS.csproj", "{0A6B1019-677C-4ED9-84DA-8BB1FCD9ADE1}"
EndProject
Project("{FAE04EC0-301F-11D3-BF4B-00C04F79EFBC}") = "DroneRaceTimer.UWP", "DroneRaceTimer\DroneRaceTimer.UWP\DroneRaceTimer.UWP.csproj", "{18782343-4692-4AD4-8B06-8035CBEFC782}"
EndProject
Project("{FAE04EC0-301F-11D3-BF4B-00C04F79EFBC}") = "DroneRaceTimer", "DroneRaceTimer\DroneRaceTimer\DroneRaceTimer.csproj", "{56D1D0BA-46CD-400B-98A6-2AF948482AA1}"
EndProject
Global
	GlobalSection(SolutionConfigurationPlatforms) = preSolution
		Ad-Hoc|Any CPU = Ad-Hoc|Any CPU
		Ad-Hoc|ARM = Ad-Hoc|ARM
		Ad-Hoc|iPhone = Ad-Hoc|iPhone
		Ad-Hoc|iPhoneSimulator = Ad-Hoc|iPhoneSimulator
		Ad-Hoc|x64 = Ad-Hoc|x64
		Ad-Hoc|x86 = Ad-Hoc|x86
		AppStore|Any CPU = AppStore|Any CPU
		AppStore|ARM = AppStore|ARM
		AppStore|iPhone = AppStore|iPhone
		AppStore|iPhoneSimulator = AppStore|iPhoneSimulator
		AppStore|x64 = AppStore|x64
		AppStore|x86 = AppStore|x86
		Debug|Any CPU = Debug|Any CPU
		Debug|ARM = Debug|ARM
		Debug|iPhone = Debug|iPhone
		Debug|iPhoneSimulator = Debug|iPhoneSimulator
		Debug|x64 = Debug|x64
		Debug|x86 = Debug|x86
		Release|Any CPU = Release|Any CPU
		Release|ARM = Release|ARM
		Release|iPhone = Release|iPhone
		Release|iPhoneSimulator = Release|iPhoneSimulator
		Release|x64 = Release|x64
		Release|x86 = Release|x86
	EndGlobalSection
	GlobalSection(ProjectConfigurationPlatforms) = postSolution
		{1DC94E2F-9C69-467F-B175-804FE460DA23}.Ad-Hoc|Any CPU.ActiveCfg = Release|Any CPU
		{1DC94E2F-9C69-467F-B175-804FE460DA23}.Ad-Hoc|Any CPU.Build.0 = Release|Any CPU
		{1DC94E2F-9C69-467F-B175-804FE460DA23}.Ad-Hoc|Any CPU.Deploy.0 = Release|Any CPU
		{1DC94E2F-9C69-467F-B175-804FE460DA23}.Ad-Hoc|ARM.ActiveCfg = Release|Any CPU
		{1DC94E2F-9C69-467F-B175-804FE460DA23}.Ad-Hoc|ARM.Build.0 = Release|Any CPU
		{1DC94E2F-9C69-467F-B175-804FE460DA23}.Ad-Hoc|ARM.Deploy.0 = Release|Any CPU
		{1DC94E2F-9C69-467F-B175-804FE460DA23}.Ad-Hoc|iPhone.ActiveCfg = Release|Any CPU
		{1DC94E2F-9C69-467F-B175-804FE460DA23}.Ad-Hoc|iPhone.Build.0 = Release|Any CPU
		{1DC94E2F-9C69-467F-B175-804FE460DA23}.Ad-Hoc|iPhone.Deploy.0 = Release|Any CPU
		{1DC94E2F-9C69-467F-B175-804FE460DA23}.Ad-Hoc|iPhoneSimulator.ActiveCfg = Release|Any CPU
		{1DC94E2F-9C69-467F-B175-804FE460DA23}.Ad-Hoc|iPhoneSimulator.Build.0 = Release|Any CPU
		{1DC94E2F-9C69-467F-B175-804FE460DA23}.Ad-Hoc|iPhoneSimulator.Deploy.0 = Release|Any CPU
		{1DC94E2F-9C69-467F-B175-804FE460DA23}.Ad-Hoc|x64.ActiveCfg = Release|Any CPU
		{1DC94E2F-9C69-467F-B175-804FE460DA23}.Ad-Hoc|x64.Build.0 = Release|Any CPU
		{1DC94E2F-9C69-467F-B175-804FE460DA23}.Ad-Hoc|x64.Deploy.0 = Release|Any CPU
		{1DC94E2F-9C69-467F-B175-804FE460DA23}.Ad-Hoc|x86.ActiveCfg = Release|Any CPU
		{1DC94E2F-9C69-467F-B175-804FE460DA23}.Ad-Hoc|x86.Build.0 = Release|Any CPU
		{1DC94E2F-9C69-467F-B175-804FE460DA23}.Ad-Hoc|x86.Deploy.0 = Release|Any CPU
		{1DC94E2F-9C69-467F-B175-804FE460DA23}.AppStore|Any CPU.ActiveCfg = Release|Any CPU
		{1DC94E2F-9C69-467F-B175-804FE460DA23}.AppStore|Any CPU.Build.0 = Release|Any CPU
		{1DC94E2F-9C69-467F-B175-804FE460DA23}.AppStore|Any CPU.Deploy.0 = Release|Any CPU
		{1DC94E2F-9C69-467F-B175-804FE460DA23}.AppStore|ARM.ActiveCfg = Release|Any CPU
		{1DC94E2F-9C69-467F-B175-804FE460DA23}.AppStore|ARM.Build.0 = Release|Any CPU
		{1DC94E2F-9C69-467F-B175-804FE460DA23}.AppStore|ARM.Deploy.0 = Release|Any CPU
		{1DC94E2F-9C69-467F-B175-804FE460DA23}.AppStore|iPhone.ActiveCfg = Release|Any CPU
		{1DC94E2F-9C69-467F-B175-804FE460DA23}.AppStore|iPhone.Build.0 = Release|Any CPU
		{1DC94E2F-9C69-467F-B175-804FE460DA23}.AppStore|iPhone.Deploy.0 = Release|Any CPU
		{1DC94E2F-9C69-467F-B175-804FE460DA23}.AppStore|iPhoneSimulator.ActiveCfg = Release|Any CPU
		{1DC94E2F-9C69-467F-B175-804FE460DA23}.AppStore|iPhoneSimulator.Build.0 = Release|Any CPU
		{1DC94E2F-9C69-467F-B175-804FE460DA23}.AppStore|iPhoneSimulator.Deploy.0 = Release|Any CPU
		{1DC94E2F-9C69-467F-B175-804FE460DA23}.AppStore|x64.ActiveCfg = Release|Any CPU
		{1DC94E2F-9C69-467F-B175-804FE460DA23}.AppStore|x64.Build.0 = Release|Any CPU
		{1DC94E2F-9C69-467F-B175-804FE460DA23}.AppStore|x64.Deploy.0 = Release|Any CPU
		{1DC94E2F-9C69-467F-B175-804FE460DA23}.AppStore|x86.ActiveCfg = Release|Any CPU
		{1DC94E2F-9C69-467F-B175-804FE460DA23}.AppStore|x86.Build.0 = Release|Any CPU
		{1DC94E2F-9C69-467F-B175-804FE460DA23}.AppStore|x86.Deploy.0 = Release|Any CPU
		{1DC94E2F-9C69-467F-B175-804FE460DA23}.Debug|Any CPU.ActiveCfg = Debug|Any CPU
		{1DC94E2F-9C69-467F-B175-804FE460DA23}.Debug|Any CPU.Build.0 = Debug|Any CPU
		{1DC94E2F-9C69-467F-B175-804FE460DA23}.Debug|Any CPU.Deploy.0 = Debug|Any CPU
		{1DC94E2F-9C69-467F-B175-804FE460DA23}.Debug|ARM.ActiveCfg = Debug|Any CPU
		{1DC94E2F-9C69-467F-B175-804FE460DA23}.Debug|ARM.Build.0 = Debug|Any CPU
		{1DC94E2F-9C69-467F-B175-804FE460DA23}.Debug|ARM.Deploy.0 = Debug|Any CPU
		{1DC94E2F-9C69-467F-B175-804FE460DA23}.Debug|iPhone.ActiveCfg = Debug|Any CPU
		{1DC94E2F-9C69-467F-B175-804FE460DA23}.Debug|iPhone.Build.0 = Debug|Any CPU
		{1DC94E2F-9C69-467F-B175-804FE460DA23}.Debug|iPhone.Deploy.0 = Debug|Any CPU
		{1DC94E2F-9C69-467F-B175-804FE460DA23}.Debug|iPhoneSimulator.ActiveCfg = Debug|Any CPU
		{1DC94E2F-9C69-467F-B175-804FE460DA23}.Debug|iPhoneSimulator.Build.0 = Debug|Any CPU
		{1DC94E2F-9C69-467F-B175-804FE460DA23}.Debug|iPhoneSimulator.Deploy.0 = Debug|Any CPU
		{1DC94E2F-9C69-467F-B175-804FE460DA23}.Debug|x64.ActiveCfg = Debug|Any CPU
		{1DC94E2F-9C69-467F-B175-804FE460DA23}.Debug|x64.Build.0 = Debug|Any CPU
		{1DC94E2F-9C69-467F-B175-804FE460DA23}.Debug|x64.Deploy.0 = Debug|Any CPU
		{1DC94E2F-9C69-467F-B175-804FE460DA23}.Debug|x86.ActiveCfg = Debug|Any CPU
		{1DC94E2F-9C69-467F-B175-804FE460DA23}.Debug|x86.Build.0 = Debug|Any CPU
		{1DC94E2F-9C69-467F-B175-804FE460DA23}.Debug|x86.Deploy.0 = Debug|Any CPU
		{1DC94E2F-9C69-467F-B175-804FE460DA23}.Release|Any CPU.ActiveCfg = Release|Any CPU
		{1DC94E2F-9C69-467F-B175-804FE460DA23}.Release|Any CPU.Build.0 = Release|Any CPU
		{1DC94E2F-9C69-467F-B175-804FE460DA23}.Release|Any CPU.Deploy.0 = Release|Any CPU
		{1DC94E2F-9C69-467F-B175-804FE460DA23}.Release|ARM.ActiveCfg = Release|Any CPU
		{1DC94E2F-9C69-467F-B175-804FE460DA23}.Release|ARM.Build.0 = Release|Any CPU
		{1DC94E2F-9C69-467F-B175-804FE460DA23}.Release|ARM.Deploy.0 = Release|Any CPU
		{1DC94E2F-9C69-467F-B175-804FE460DA23}.Release|iPhone.ActiveCfg = Release|Any CPU
		{1DC94E2F-9C69-467F-B175-804FE460DA23}.Release|iPhone.Build.0 = Release|Any CPU
		{1DC94E2F-9C69-467F-B175-804FE460DA23}.Release|iPhone.Deploy.0 = Release|Any CPU
		{1DC94E2F-9C69-467F-B175-804FE460DA23}.Release|iPhoneSimulator.ActiveCfg = Release|Any CPU
		{1DC94E2F-9C69-467F-B175-804FE460DA23}.Release|iPhoneSimulator.Build.0 = Release|Any CPU
		{1DC94E2F-9C69-467F-B175-804FE460DA23}.Release|iPhoneSimulator.Deploy.0 = Release|Any CPU
		{1DC94E2F-9C69-467F-B175-804FE460DA23}.Release|x64.ActiveCfg = Release|Any CPU
		{1DC94E2F-9C69-467F-B175-804FE460DA23}.Release|x64.Build.0 = Release|Any CPU
		{1DC94E2F-9C69-467F-B175-804FE460DA23}.Release|x64.Deploy.0 = Release|Any CPU
		{1DC94E2F-9C69-467F-B175-804FE460DA23}.Release|x86.ActiveCfg = Release|Any CPU
		{1DC94E2F-9C69-467F-B175-804FE460DA23}.Release|x86.Build.0 = Release|Any CPU
		{1DC94E2F-9C69-467F-B175-804FE460DA23}.Release|x86.Deploy.0 = Release|Any CPU
		{0A6B1019-677C-4ED9-84DA-8BB1FCD9ADE1}.Ad-Hoc|Any CPU.ActiveCfg = Ad-Hoc|iPhone
		{0A6B1019-677C-4ED9-84DA-8BB1FCD9ADE1}.Ad-Hoc|ARM.ActiveCfg = Ad-Hoc|iPhone
		{0A6B1019-677C-4ED9-84DA-8BB1FCD9ADE1}.Ad-Hoc|iPhone.ActiveCfg = Ad-Hoc|iPhone
		{0A6B1019-677C-4ED9-84DA-8BB1FCD9ADE1}.Ad-Hoc|iPhone.Build.0 = Ad-Hoc|iPhone
		{0A6B1019-677C-4ED9-84DA-8BB1FCD9ADE1}.Ad-Hoc|iPhoneSimulator.ActiveCfg = Ad-Hoc|iPhoneSimulator
		{0A6B1019-677C-4ED9-84DA-8BB1FCD9ADE1}.Ad-Hoc|iPhoneSimulator.Build.0 = Ad-Hoc|iPhoneSimulator
		{0A6B1019-677C-4ED9-84DA-8BB1FCD9ADE1}.Ad-Hoc|x64.ActiveCfg = Ad-Hoc|iPhone
		{0A6B1019-677C-4ED9-84DA-8BB1FCD9ADE1}.Ad-Hoc|x86.ActiveCfg = Ad-Hoc|iPhone
		{0A6B1019-677C-4ED9-84DA-8BB1FCD9ADE1}.AppStore|Any CPU.ActiveCfg = AppStore|iPhone
		{0A6B1019-677C-4ED9-84DA-8BB1FCD9ADE1}.AppStore|ARM.ActiveCfg = AppStore|iPhone
		{0A6B1019-677C-4ED9-84DA-8BB1FCD9ADE1}.AppStore|iPhone.ActiveCfg = AppStore|iPhone
		{0A6B1019-677C-4ED9-84DA-8BB1FCD9ADE1}.AppStore|iPhone.Build.0 = AppStore|iPhone
		{0A6B1019-677C-4ED9-84DA-8BB1FCD9ADE1}.AppStore|iPhoneSimulator.ActiveCfg = AppStore|iPhoneSimulator
		{0A6B1019-677C-4ED9-84DA-8BB1FCD9ADE1}.AppStore|iPhoneSimulator.Build.0 = AppStore|iPhoneSimulator
		{0A6B1019-677C-4ED9-84DA-8BB1FCD9ADE1}.AppStore|x64.ActiveCfg = AppStore|iPhone
		{0A6B1019-677C-4ED9-84DA-8BB1FCD9ADE1}.AppStore|x86.ActiveCfg = AppStore|iPhone
		{0A6B1019-677C-4ED9-84DA-8BB1FCD9ADE1}.Debug|Any CPU.ActiveCfg = Debug|iPhone
		{0A6B1019-677C-4ED9-84DA-8BB1FCD9ADE1}.Debug|ARM.ActiveCfg = Debug|iPhone
		{0A6B1019-677C-4ED9-84DA-8BB1FCD9ADE1}.Debug|iPhone.ActiveCfg = Debug|iPhone
		{0A6B1019-677C-4ED9-84DA-8BB1FCD9ADE1}.Debug|iPhone.Build.0 = Debug|iPhone
		{0A6B1019-677C-4ED9-84DA-8BB1FCD9ADE1}.Debug|iPhoneSimulator.ActiveCfg = Debug|iPhoneSimulator
		{0A6B1019-677C-4ED9-84DA-8BB1FCD9ADE1}.Debug|iPhoneSimulator.Build.0 = Debug|iPhoneSimulator
		{0A6B1019-677C-4ED9-84DA-8BB1FCD9ADE1}.Debug|x64.ActiveCfg = Debug|iPhone
		{0A6B1019-677C-4ED9-84DA-8BB1FCD9ADE1}.Debug|x86.ActiveCfg = Debug|iPhone
		{0A6B1019-677C-4ED9-84DA-8BB1FCD9ADE1}.Release|Any CPU.ActiveCfg = Release|iPhone
		{0A6B1019-677C-4ED9-84DA-8BB1FCD9ADE1}.Release|ARM.ActiveCfg = Release|iPhone
		{0A6B1019-677C-4ED9-84DA-8BB1FCD9ADE1}.Release|iPhone.ActiveCfg = Release|iPhone
		{0A6B1019-677C-4ED9-84DA-8BB1FCD9ADE1}.Release|iPhone.Build.0 = Release|iPhone
		{0A6B1019-677C-4ED9-84DA-8BB1FCD9ADE1}.Release|iPhoneSimulator.ActiveCfg = Release|iPhoneSimulator
		{0A6B1019-677C-4ED9-84DA-8BB1FCD9ADE1}.Release|iPhoneSimulator.Build.0 = Release|iPhoneSimulator
		{0A6B1019-677C-4ED9-84DA-8BB1FCD9ADE1}.Release|x64.ActiveCfg = Release|iPhone
		{0A6B1019-677C-4ED9-84DA-8BB1FCD9ADE1}.Release|x86.ActiveCfg = Release|iPhone
		{18782343-4692-4AD4-8B06-8035CBEFC782}.Ad-Hoc|Any CPU.ActiveCfg = Release|x86
		{18782343-4692-4AD4-8B06-8035CBEFC782}.Ad-Hoc|Any CPU.Build.0 = Release|x86
		{18782343-4692-4AD4-8B06-8035CBEFC782}.Ad-Hoc|Any CPU.Deploy.0 = Release|x86
		{18782343-4692-4AD4-8B06-8035CBEFC782}.Ad-Hoc|ARM.ActiveCfg = Release|ARM
		{18782343-4692-4AD4-8B06-8035CBEFC782}.Ad-Hoc|ARM.Build.0 = Release|ARM
		{18782343-4692-4AD4-8B06-8035CBEFC782}.Ad-Hoc|ARM.Deploy.0 = Release|ARM
		{18782343-4692-4AD4-8B06-8035CBEFC782}.Ad-Hoc|iPhone.ActiveCfg = Release|x86
		{18782343-4692-4AD4-8B06-8035CBEFC782}.Ad-Hoc|iPhone.Build.0 = Release|x86
		{18782343-4692-4AD4-8B06-8035CBEFC782}.Ad-Hoc|iPhone.Deploy.0 = Release|x86
		{18782343-4692-4AD4-8B06-8035CBEFC782}.Ad-Hoc|iPhoneSimulator.ActiveCfg = Release|x86
		{18782343-4692-4AD4-8B06-8035CBEFC782}.Ad-Hoc|iPhoneSimulator.Build.0 = Release|x86
		{18782343-4692-4AD4-8B06-8035CBEFC782}.Ad-Hoc|iPhoneSimulator.Deploy.0 = Release|x86
		{18782343-4692-4AD4-8B06-8035CBEFC782}.Ad-Hoc|x64.ActiveCfg = Release|x64
		{18782343-4692-4AD4-8B06-8035CBEFC782}.Ad-Hoc|x64.Build.0 = Release|x64
		{18782343-4692-4AD4-8B06-8035CBEFC782}.Ad-Hoc|x64.Deploy.0 = Release|x64
		{18782343-4692-4AD4-8B06-8035CBEFC782}.Ad-Hoc|x86.ActiveCfg = Release|x86
		{18782343-4692-4AD4-8B06-8035CBEFC782}.Ad-Hoc|x86.Build.0 = Release|x86
		{18782343-4692-4AD4-8B06-8035CBEFC782}.Ad-Hoc|x86.Deploy.0 = Release|x86
		{18782343-4692-4AD4-8B06-8035CBEFC782}.AppStore|Any CPU.ActiveCfg = Release|x86
		{18782343-4692-4AD4-8B06-8035CBEFC782}.AppStore|Any CPU.Build.0 = Release|x86
		{18782343-4692-4AD4-8B06-8035CBEFC782}.AppStore|Any CPU.Deploy.0 = Release|x86
		{18782343-4692-4AD4-8B06-8035CBEFC782}.AppStore|ARM.ActiveCfg = Release|ARM
		{18782343-4692-4AD4-8B06-8035CBEFC782}.AppStore|ARM.Build.0 = Release|ARM
		{18782343-4692-4AD4-8B06-8035CBEFC782}.AppStore|ARM.Deploy.0 = Release|ARM
		{18782343-4692-4AD4-8B06-8035CBEFC782}.AppStore|iPhone.ActiveCfg = Release|x86
		{18782343-4692-4AD4-8B06-8035CBEFC782}.AppStore|iPhone.Build.0 = Release|x86
		{18782343-4692-4AD4-8B06-8035CBEFC782}.AppStore|iPhone.Deploy.0 = Release|x86
		{18782343-4692-4AD4-8B06-8035CBEFC782}.AppStore|iPhoneSimulator.ActiveCfg = Release|x86
		{18782343-4692-4AD4-8B06-8035CBEFC782}.AppStore|iPhoneSimulator.Build.0 = Release|x86
		{18782343-4692-4AD4-8B06-8035CBEFC782}.AppStore|iPhoneSimulator.Deploy.0 = Release|x86
		{18782343-4692-4AD4-8B06-8035CBEFC782}.AppStore|x64.ActiveCfg = Release|x64
		{18782343-4692-4AD4-8B06-8035CBEFC782}.AppStore|x64.Build.0 = Release|x64
		{18782343-4692-4AD4-8B06-8035CBEFC782}.AppStore|x64.Deploy.0 = Release|x64
		{18782343-4692-4AD4-8B06-8035CBEFC782}.AppStore|x86.ActiveCfg = Release|x86
		{18782343-4692-4AD4-8B06-8035CBEFC782}.AppStore|x86.Build.0 = Release|x86
		{18782343-4692-4AD4-8B06-8035CBEFC782}.AppStore|x86.Deploy.0 = Release|x86
		{18782343-4692-4AD4-8B06-8035CBEFC782}.Debug|Any CPU.ActiveCfg = Debug|x86
		{18782343-4692-4AD4-8B06-8035CBEFC782}.Debug|ARM.ActiveCfg = Debug|ARM
		{18782343-4692-4AD4-8B06-8035CBEFC782}.Debug|ARM.Build.0 = Debug|ARM
		{18782343-4692-4AD4-8B06-8035CBEFC782}.Debug|ARM.Deploy.0 = Debug|ARM
		{18782343-4692-4AD4-8B06-8035CBEFC782}.Debug|iPhone.ActiveCfg = Debug|x86
		{18782343-4692-4AD4-8B06-8035CBEFC782}.Debug|iPhoneSimulator.ActiveCfg = Debug|x86
		{18782343-4692-4AD4-8B06-8035CBEFC782}.Debug|x64.ActiveCfg = Debug|x64
		{18782343-4692-4AD4-8B06-8035CBEFC782}.Debug|x64.Build.0 = Debug|x64
		{18782343-4692-4AD4-8B06-8035CBEFC782}.Debug|x64.Deploy.0 = Debug|x64
		{18782343-4692-4AD4-8B06-8035CBEFC782}.Debug|x86.ActiveCfg = Debug|x86
		{18782343-4692-4AD4-8B06-8035CBEFC782}.Debug|x86.Build.0 = Debug|x86
		{18782343-4692-4AD4-8B06-8035CBEFC782}.Debug|x86.Deploy.0 = Debug|x86
		{18782343-4692-4AD4-8B06-8035CBEFC782}.Release|Any CPU.ActiveCfg = Release|x86
		{18782343-4692-4AD4-8B06-8035CBEFC782}.Release|ARM.ActiveCfg = Release|ARM
		{18782343-4692-4AD4-8B06-8035CBEFC782}.Release|ARM.Build.0 = Release|ARM
		{18782343-4692-4AD4-8B06-8035CBEFC782}.Release|ARM.Deploy.0 = Release|ARM
		{18782343-4692-4AD4-8B06-8035CBEFC782}.Release|iPhone.ActiveCfg = Release|x86
		{18782343-4692-4AD4-8B06-8035CBEFC782}.Release|iPhoneSimulator.ActiveCfg = Release|x86
		{18782343-4692-4AD4-8B06-8035CBEFC782}.Release|x64.ActiveCfg = Release|x64
		{18782343-4692-4AD4-8B06-8035CBEFC782}.Release|x64.Build.0 = Release|x64
		{18782343-4692-4AD4-8B06-8035CBEFC782}.Release|x64.Deploy.0 = Release|x64
		{18782343-4692-4AD4-8B06-8035CBEFC782}.Release|x86.ActiveCfg = Release|x86
		{18782343-4692-4AD4-8B06-8035CBEFC782}.Release|x86.Build.0 = Release|x86
		{18782343-4692-4AD4-8B06-8035CBEFC782}.Release|x86.Deploy.0 = Release|x86
		{56D1D0BA-46CD-400B-98A6-2AF948482AA1}.Ad-Hoc|Any CPU.ActiveCfg = Debug|Any CPU
		{56D1D0BA-46CD-400B-98A6-2AF948482AA1}.Ad-Hoc|Any CPU.Build.0 = Debug|Any CPU
		{56D1D0BA-46CD-400B-98A6-2AF948482AA1}.Ad-Hoc|ARM.ActiveCfg = Debug|Any CPU
		{56D1D0BA-46CD-400B-98A6-2AF948482AA1}.Ad-Hoc|ARM.Build.0 = Debug|Any CPU
		{56D1D0BA-46CD-400B-98A6-2AF948482AA1}.Ad-Hoc|iPhone.ActiveCfg = Debug|Any CPU
		{56D1D0BA-46CD-400B-98A6-2AF948482AA1}.Ad-Hoc|iPhone.Build.0 = Debug|Any CPU
		{56D1D0BA-46CD-400B-98A6-2AF948482AA1}.Ad-Hoc|iPhoneSimulator.ActiveCfg = Debug|Any CPU
		{56D1D0BA-46CD-400B-98A6-2AF948482AA1}.Ad-Hoc|iPhoneSimulator.Build.0 = Debug|Any CPU
		{56D1D0BA-46CD-400B-98A6-2AF948482AA1}.Ad-Hoc|x64.ActiveCfg = Debug|Any CPU
		{56D1D0BA-46CD-400B-98A6-2AF948482AA1}.Ad-Hoc|x64.Build.0 = Debug|Any CPU
		{56D1D0BA-46CD-400B-98A6-2AF948482AA1}.Ad-Hoc|x86.ActiveCfg = Debug|Any CPU
		{56D1D0BA-46CD-400B-98A6-2AF948482AA1}.Ad-Hoc|x86.Build.0 = Debug|Any CPU
		{56D1D0BA-46CD-400B-98A6-2AF948482AA1}.AppStore|Any CPU.ActiveCfg = Debug|Any CPU
		{56D1D0BA-46CD-400B-98A6-2AF948482AA1}.AppStore|Any CPU.Build.0 = Debug|Any CPU
		{56D1D0BA-46CD-400B-98A6-2AF948482AA1}.AppStore|ARM.ActiveCfg = Debug|Any CPU
		{56D1D0BA-46CD-400B-98A6-2AF948482AA1}.AppStore|ARM.Build.0 = Debug|Any CPU
		{56D1D0BA-46CD-400B-98A6-2AF948482AA1}.AppStore|iPhone.ActiveCfg = Debug|Any CPU
		{56D1D0BA-46CD-400B-98A6-2AF948482AA1}.AppStore|iPhone.Build.0 = Debug|Any CPU
		{56D1D0BA-46CD-400B-98A6-2AF948482AA1}.AppStore|iPhoneSimulator.ActiveCfg = Debug|Any CPU
		{56D1D0BA-46CD-400B-98A6-2AF948482AA1}.AppStore|iPhoneSimulator.Build.0 = Debug|Any CPU
		{56D1D0BA-46CD-400B-98A6-2AF948482AA1}.AppStore|x64.ActiveCfg = Debug|Any CPU
		{56D1D0BA-46CD-400B-98A6-2AF948482AA1}.AppStore|x64.Build.0 = Debug|Any CPU
		{56D1D0BA-46CD-400B-98A6-2AF948482AA1}.AppStore|x86.ActiveCfg = Debug|Any CPU
		{56D1D0BA-46CD-400B-98A6-2AF948482AA1}.AppStore|x86.Build.0 = Debug|Any CPU
		{56D1D0BA-46CD-400B-98A6-2AF948482AA1}.Debug|Any CPU.ActiveCfg = Debug|Any CPU
		{56D1D0BA-46CD-400B-98A6-2AF948482AA1}.Debug|Any CPU.Build.0 = Debug|Any CPU
		{56D1D0BA-46CD-400B-98A6-2AF948482AA1}.Debug|ARM.ActiveCfg = Debug|Any CPU
		{56D1D0BA-46CD-400B-98A6-2AF948482AA1}.Debug|ARM.Build.0 = Debug|Any CPU
		{56D1D0BA-46CD-400B-98A6-2AF948482AA1}.Debug|iPhone.ActiveCfg = Debug|Any CPU
		{56D1D0BA-46CD-400B-98A6-2AF948482AA1}.Debug|iPhone.Build.0 = Debug|Any CPU
		{56D1D0BA-46CD-400B-98A6-2AF948482AA1}.Debug|iPhoneSimulator.ActiveCfg = Debug|Any CPU
		{56D1D0BA-46CD-400B-98A6-2AF948482AA1}.Debug|iPhoneSimulator.Build.0 = Debug|Any CPU
		{56D1D0BA-46CD-400B-98A6-2AF948482AA1}.Debug|x64.ActiveCfg = Debug|Any CPU
		{56D1D0BA-46CD-400B-98A6-2AF948482AA1}.Debug|x64.Build.0 = Debug|Any CPU
		{56D1D0BA-46CD-400B-98A6-2AF948482AA1}.Debug|x86.ActiveCfg = Debug|Any CPU
		{56D1D0BA-46CD-400B-98A6-2AF948482AA1}.Debug|x86.Build.0 = Debug|Any CPU
		{56D1D0BA-46CD-400B-98A6-2AF948482AA1}.Release|Any CPU.ActiveCfg = Release|Any CPU
		{56D1D0BA-46CD-400B-98A6-2AF948482AA1}.Release|Any CPU.Build.0 = Release|Any CPU
		{56D1D0BA-46CD-400B-98A6-2AF948482AA1}.Release|ARM.ActiveCfg = Release|Any CPU
		{56D1D0BA-46CD-400B-98A6-2AF948482AA1}.Release|ARM.Build.0 = Release|Any CPU
		{56D1D0BA-46CD-400B-98A6-2AF948482AA1}.Release|iPhone.ActiveCfg = Release|Any CPU
		{56D1D0BA-46CD-400B-98A6-2AF948482AA1}.Release|iPhone.Build.0 = Release|Any CPU
		{56D1D0BA-46CD-400B-98A6-2AF948482AA1}.Release|iPhoneSimulator.ActiveCfg = Release|Any CPU
		{56D1D0BA-46CD-400B-98A6-2AF948482AA1}.Release|iPhoneSimulator.Build.0 = Release|Any CPU
		{56D1D0BA-46CD-400B-98A6-2AF948482AA1}.Release|x64.ActiveCfg = Release|Any CPU
		{56D1D0BA-46CD-400B-98A6-2AF948482AA1}.Release|x64.Build.0 = Release|Any CPU
		{56D1D0BA-46CD-400B-98A6-2AF948482AA1}.Release|x86.ActiveCfg = Release|Any CPU
		{56D1D0BA-46CD-400B-98A6-2AF948482AA1}.Release|x86.Build.0 = Release|Any CPU
	EndGlobalSection
	GlobalSection(SolutionProperties) = preSolution
		HideSolutionNode = FALSE
	EndGlobalSection
	GlobalSection(ExtensibilityGlobals) = postSolution
		SolutionGuid = {155A90DD-5025-40C8-B8CC-64CBFBBEC381}
	EndGlobalSection
EndGlobal
